<?xml version="1.0" encoding="utf-8"?>
<Project ToolsVersion="4.0" xmlns="http://schemas.microsoft.com/developer/msbuild/2003">
  <ItemGroup>
    <ClCompile Include="students\FIREBAR\PassiveEffect.cpp" />
    <ClCompile Include="students\bamboojr36\Items.cpp" />
    <ClCompile Include="students\bamboojr36\Collision.cpp" />
    <ClCompile Include="main.cpp" />
    <ClCompile Include="students\FIREBAR\PlayerStatus.cpp" />
    <ClCompile Include="students\FIREBAR\SelectSlot.cpp" />
    <ClCompile Include="students\FIREBAR\WeaponManager.cpp" />
    <ClCompile Include="students\oreistake\Player.cpp" />
    <ClCompile Include="System\SoundManager.cpp" />
    <ClCompile Include="Utility\GameSetting.cpp" />
    <ClCompile Include="Utility\Input.cpp" />
    <ClCompile Include="students\bamboojr36\Vector2.cpp" />
    <ClCompile Include="students\bamboojr36\Heal.cpp" />
    <ClCompile Include="students\Yama596\Scene\SceneBase.cpp" />
    <ClCompile Include="students\Yama596\Scene\SceneMain.cpp" />
    <ClCompile Include="students\Yama596\Scene\SceneManager.cpp" />
    <ClCompile Include="students\Yama596\Scene\SceneTitle.cpp" />
    <ClCompile Include="students\FIREBAR\FIREBAR_Scene.cpp" />
    <ClCompile Include="students\Yama596\Scene\SceneGameClear.cpp" />
    <ClCompile Include="students\Yama596\Scene\SceneGameOver.cpp" />
    <ClCompile Include="students\FIREBAR\LevelUpPlayer.cpp" />
    <ClCompile Include="students\FIREBAR\LotteryPusive.cpp" />
    <ClCompile Include="students\bamboojr36\Random.cpp" />
    <ClCompile Include="students\bamboojr36\Magnet.cpp" />
    <ClCompile Include="students\bamboojr36\Bomb.cpp" />
    <ClCompile Include="students\Yama596\Scene\SceneTutorial.cpp" />
    <ClCompile Include="students\mcd6752Tuyoshi\ExpBar\EXPBar.cpp" />
    <ClCompile Include="students\mcd6752Tuyoshi\Timer\Timer.cpp" />
    <ClCompile Include="students\oreistake\Enemy.cpp" />
    <ClCompile Include="students\oreistake\HitPoint.cpp" />
    <ClCompile Include="students\oreistake\Weapon.cpp" />
    <ClCompile Include="students\bamboojr36\EXPItem.cpp" />
    <ClCompile Include="students\Yama596\Enemy\EnemyYama.cpp" />
    <ClCompile Include="students\Yama596\Enemy\HitPointYama.cpp" />
    <ClCompile Include="students\FIREBAR\EnemyStatus.cpp" />
    <ClCompile Include="students\mcd6752Tuyoshi\Map\Map.cpp" />
    <ClCompile Include="students\oreistake\Camera.cpp" />
    <ClCompile Include="students\Yama596\Enemy\EnemyManagerYama.cpp" />
    <ClCompile Include="students\mcd6752Tuyoshi\Katana\Katana.cpp" />
    <ClCompile Include="students\Yama596\Enemys\Bat.cpp" />
    <ClCompile Include="students\Yama596\Enemys\BatManager.cpp" />
    <ClCompile Include="students\Yama596\Enemys\Goblin.cpp" />
    <ClCompile Include="students\Yama596\Enemys\GoblinManager.cpp" />
    <ClCompile Include="students\Yama596\Enemys\Mushroom.cpp" />
    <ClCompile Include="students\Yama596\Enemys\MushroomManager.cpp" />
    <ClCompile Include="students\Yama596\Enemys\Skeleton.cpp" />
    <ClCompile Include="students\Yama596\Enemys\SkeletonManager.cpp" />
    <ClCompile Include="students\FIREBAR\DethEnemyCounter.cpp" />
    <ClCompile Include="students\oreistake\Weapon\Arrow.cpp" />
    <ClCompile Include="students\oreistake\Weapon\Axe.cpp" />
    <ClCompile Include="students\oreistake\Weapon\Magic.cpp" />
  </ItemGroup>
  <ItemGroup>
    <ClInclude Include="students\FIREBAR\PassiveEffect.h" />
    <ClInclude Include="students\bamboojr36\Items.h" />
    <ClInclude Include="students\bamboojr36\Collision.h" />
    <ClInclude Include="students\oreistake\Literal.h" />
    <ClInclude Include="students\FIREBAR\PlayerStatus.h" />
    <ClInclude Include="students\FIREBAR\SelectSlot.h" />
    <ClInclude Include="students\FIREBAR\WeaponManager.h" />
    <ClInclude Include="students\oreistake\Player.h" />
    <ClInclude Include="System\SoundManager.h" />
    <ClInclude Include="Utility\Color.h" />
    <ClInclude Include="Utility\Game.h" />
    <ClInclude Include="Utility\GameSetting.h" />
    <ClInclude Include="Utility\Input.h" />
    <ClInclude Include="Utility\MyMath.h" />
    <ClInclude Include="students\bamboojr36\Vector2.h" />
    <ClInclude Include="students\bamboojr36\Heal.h" />
    <ClInclude Include="students\Yama596\Scene\SceneBase.h" />
    <ClInclude Include="students\Yama596\Scene\SceneMain.h" />
    <ClInclude Include="students\Yama596\Scene\SceneManager.h" />
    <ClInclude Include="students\Yama596\Scene\SceneTitle.h" />
    <ClInclude Include="students\FIREBAR\FIREBAR_Scene.h" />
    <ClInclude Include="students\Yama596\Scene\SceneGameClear.h" />
    <ClInclude Include="students\Yama596\Scene\SceneGameOver.h" />
    <ClInclude Include="students\FIREBAR\LevelUpPlayer.h" />
    <ClInclude Include="students\FIREBAR\LotteryPusive.h" />
    <ClInclude Include="students\bamboojr36\Random.h" />
    <ClInclude Include="students\bamboojr36\Magnet.h" />
    <ClInclude Include="students\bamboojr36\Bomb.h" />
    <ClInclude Include="students\Yama596\Scene\SceneTutorial.h" />
    <ClInclude Include="students\mcd6752Tuyoshi\ExpBar\EXPBar.h" />
    <ClInclude Include="students\mcd6752Tuyoshi\Timer\Timer.h" />
    <ClInclude Include="students\oreistake\Enemy.h" />
    <ClInclude Include="students\oreistake\HitPoint.h" />
    <ClInclude Include="students\oreistake\Weapon.h" />
    <ClInclude Include="students\bamboojr36\EXPItem.h" />
    <ClInclude Include="students\Yama596\Enemy\Literal.h" />
    <ClInclude Include="students\Yama596\Enemy\EnemyYama.h" />
    <ClInclude Include="students\Yama596\Enemy\HitPointYama.h" />
    <ClInclude Include="students\Yama596\Enemy\LiteralYama.h" />
    <ClInclude Include="students\FIREBAR\EnemyStatus.h" />
    <ClInclude Include="students\mcd6752Tuyoshi\Map\Map.h" />
    <ClInclude Include="students\oreistake\Camera.h" />
    <ClInclude Include="students\Yama596\Enemy\EnemyManagerYama.h" />
    <ClInclude Include="students\mcd6752Tuyoshi\Katana\Katana.h" />
    <ClInclude Include="students\Yama596\Enemys\Bat.h" />
    <ClInclude Include="students\Yama596\Enemys\BatManager.h" />
    <ClInclude Include="students\Yama596\Enemys\Goblin.h" />
    <ClInclude Include="students\Yama596\Enemys\GoblinManager.h" />
    <ClInclude Include="students\Yama596\Enemys\Mushroom.h" />
    <ClInclude Include="students\Yama596\Enemys\MushroomManager.h" />
    <ClInclude Include="students\Yama596\Enemys\Skeleton.h" />
    <ClInclude Include="students\Yama596\Enemys\SkeletonManager.h" />
    <ClInclude Include="students\FIREBAR\DethEnemyCounter.h" />
    <ClInclude Include="students\oreistake\Weapon\Arrow.h" />
    <ClInclude Include="students\oreistake\Weapon\Axe.h" />
    <ClInclude Include="students\oreistake\Weapon\Magic.h" />
  </ItemGroup>
  <ItemGroup>
    <Image Include="Image\Cloud.png" />
    <Image Include="Resource\main.png" />
    <Image Include="Resource\title.jpeg" />
    <Image Include="Resource\Item\AttackRange.png" />
    <Image Include="Resource\Item\AttackSpeed.png" />
    <Image Include="Resource\Item\Bomb.png" />
    <Image Include="Resource\Item\Heal.png" />
    <Image Include="Resource\Item\LimitBreak.png" />
    <Image Include="Resource\Item\Magnet.png" />
    <Image Include="Resource\Item\MovementSpeed.png" />
    <Image Include="Resource\image\Arrow.png" />
    <Image Include="Resource\image\Axe.png.png" />
    <Image Include="Resource\image\LevelUp.png" />
    <Image Include="Resource\image\ArrowSlot.png" />
    <Image Include="Resource\image\AxeSlot.png" />
    <Image Include="Resource\image\MagicBottle.png" />
    <Image Include="Resource\image\MagicBottleSlot.png" />
    <Image Include="Resource\image\Sword.png" />
    <Image Include="Resource\image\SwordSlot.png" />
  </ItemGroup>
  <ItemGroup>
    <Text Include="students\FIREBAR\所谷.txt" />
    <Text Include="students\bamboojr36\羽山.txt" />
  </ItemGroup>
</Project>